github.com/FortAwesome/Font-Awesome v0.0.0-20230327165841-0698449d50f2 h1:Uv1z5EqCfmiK4IHUwT0m3h/u/WCk+kpRfxvAZhpC7Gc=
github.com/FortAwesome/Font-Awesome v0.0.0-20230327165841-0698449d50f2/go.mod h1:IUgezN/MFpCDIlFezw3L8j83oeiIuYoj28Miwr/KUYo=
github.com/defenseunicorns/defense-unicorns-hugo-theme v0.3.14 h1:9wRNH600h4Di/wmgvN7HZ6NDwLMyyuMiMfYTMfg1bK8=
github.com/defenseunicorns/defense-unicorns-hugo-theme v0.3.14/go.mod h1:cFkf9mkzHTbw2j8Q3qbxF86tWHNT29k433RCvP1cOGM=
github.com/defenseunicorns/defense-unicorns-hugo-theme/dependencies v0.3.14 h1:QzmkGte9dSa439fbVSJ4JUmDWNXkEaBQDX8CQu1Nd74=
github.com/defenseunicorns/defense-unicorns-hugo-theme/dependencies v0.3.14/go.mod h1:aJH6RH2FdhPf2HQY8gfInlkQAj6oYq/GmQ+5XKN1HzE=
github.com/defenseunicorns/uds-core/docs v0.0.0-20240516170207-a2c28f4394ca h1:Ges6BnrInOE7Tgcu7PfgMkImBBVnGJe/rgF8T5RAlzY=
github.com/defenseunicorns/uds-core/docs v0.0.0-20240516170207-a2c28f4394ca/go.mod h1:LOmYVINGFpCgBQwq/KJ6fihw6dUYeV3m0mCEr42ihyk=
github.com/twbs/bootstrap v5.3.3+incompatible h1:goFoqinzdHfkeegpFP7pvhbd0g+A3O2hbU3XCjuNrEQ=
github.com/twbs/bootstrap v5.3.3+incompatible/go.mod h1:fZTSrkpSf0/HkL0IIJzvVspTt1r9zuf7XlZau8kpcY0=
