github.com/FortAwesome/Font-Awesome v0.0.0-20230327165841-0698449d50f2 h1:Uv1z5EqCfmiK4IHUwT0m3h/u/WCk+kpRfxvAZhpC7Gc=
github.com/FortAwesome/Font-Awesome v0.0.0-20230327165841-0698449d50f2/go.mod h1:IUgezN/MFpCDIlFezw3L8j83oeiIuYoj28Miwr/KUYo=
github.com/defenseunicorns/defense-unicorns-hugo-theme v0.3.14 h1:9wRNH600h4Di/wmgvN7HZ6NDwLMyyuMiMfYTMfg1bK8=
github.com/defenseunicorns/defense-unicorns-hugo-theme v0.3.14/go.mod h1:cFkf9mkzHTbw2j8Q3qbxF86tWHNT29k433RCvP1cOGM=
github.com/defenseunicorns/defense-unicorns-hugo-theme/dependencies v0.3.14 h1:QzmkGte9dSa439fbVSJ4JUmDWNXkEaBQDX8CQu1Nd74=
github.com/defenseunicorns/defense-unicorns-hugo-theme/dependencies v0.3.14/go.mod h1:aJH6RH2FdhPf2HQY8gfInlkQAj6oYq/GmQ+5XKN1HzE=
github.com/defenseunicorns/uds-core v0.21.1-0.20240501163641-9dcdeb8f0d68 h1:mBYsieVROO3aQ57WQ5MrglMzBi9zY85JfzSdqQA5yOU=
github.com/defenseunicorns/uds-core v0.21.1-0.20240501163641-9dcdeb8f0d68/go.mod h1:qF2JaSI9PAaECD2OwS3LisvaC41ywHhNlmSR/3Dpnzw=
github.com/defenseunicorns/uds-core v0.21.1-0.20240501164320-95e8a41a28e1 h1:ljlzP6hc/4Z6pzrUx2IGvdkCsPKFBBCkXcddkfdn4l0=
github.com/defenseunicorns/uds-core v0.21.1-0.20240501164320-95e8a41a28e1/go.mod h1:qF2JaSI9PAaECD2OwS3LisvaC41ywHhNlmSR/3Dpnzw=
github.com/defenseunicorns/uds-core v0.21.1-0.20240501164740-ac392b8585d4 h1:sr8RRsB2xzXYu9du/s9cNH501vK3TFXTT1Tqfr9z2ag=
github.com/defenseunicorns/uds-core v0.21.1-0.20240501164740-ac392b8585d4/go.mod h1:qF2JaSI9PAaECD2OwS3LisvaC41ywHhNlmSR/3Dpnzw=
github.com/defenseunicorns/uds-core v0.21.2-0.20240514134346-e7cb33ea9a13 h1:qD8Ldr4zboRURgRS8lgMvR2o5davF4yHrQCW1ajH4oc=
github.com/defenseunicorns/uds-core v0.21.2-0.20240514134346-e7cb33ea9a13/go.mod h1:bIOEhd4/drRMYgoxMDKBf5DllaJT/233txdjSAu8iqo=
github.com/defenseunicorns/uds-core v0.21.2-0.20240514184033-2bf3520e4595 h1:zd4F5jbhBZ80iJQrB36Fb2/0U7xumcErwVnvw9LlyJY=
github.com/defenseunicorns/uds-core v0.21.2-0.20240514184033-2bf3520e4595/go.mod h1:bIOEhd4/drRMYgoxMDKBf5DllaJT/233txdjSAu8iqo=
github.com/defenseunicorns/uds-core v0.21.2-0.20240514185721-25428f4aaf4d h1:KE+QSYbreeuAIATUNvHqTW+ZwoLxa6h7AOICLYLdt4M=
github.com/defenseunicorns/uds-core v0.21.2-0.20240514185721-25428f4aaf4d/go.mod h1:bIOEhd4/drRMYgoxMDKBf5DllaJT/233txdjSAu8iqo=
github.com/defenseunicorns/uds-core v0.21.2-0.20240514190839-a708f3ae4de1 h1:BY4EoXN5p5U7jqI2PWASrJ1sCaBa1DcmFavR4zb90XQ=
github.com/defenseunicorns/uds-core v0.21.2-0.20240514190839-a708f3ae4de1/go.mod h1:bIOEhd4/drRMYgoxMDKBf5DllaJT/233txdjSAu8iqo=
github.com/defenseunicorns/uds-core v0.21.2-0.20240514191119-fe91df4844b4 h1:S4D7Z1Un4zLtR7YWy9IoYAefLauscDrILDkNzoo2Th4=
github.com/defenseunicorns/uds-core v0.21.2-0.20240514191119-fe91df4844b4/go.mod h1:bIOEhd4/drRMYgoxMDKBf5DllaJT/233txdjSAu8iqo=
github.com/defenseunicorns/uds-core v0.21.2-0.20240514192804-dcf1b1a0954d h1:oE0FI5QbYOFc5rntjyOvwtELKctZhgILpB2r5QXkgMU=
github.com/defenseunicorns/uds-core v0.21.2-0.20240514192804-dcf1b1a0954d/go.mod h1:bIOEhd4/drRMYgoxMDKBf5DllaJT/233txdjSAu8iqo=
github.com/defenseunicorns/uds-core v0.21.2-0.20240514192937-75792955e2eb h1:T0OIpoHA+/lSmvg+wCXE0CxRY1u/ZFOdjc80uyu8my0=
github.com/defenseunicorns/uds-core v0.21.2-0.20240514192937-75792955e2eb/go.mod h1:bIOEhd4/drRMYgoxMDKBf5DllaJT/233txdjSAu8iqo=
github.com/defenseunicorns/uds-core v0.21.2-0.20240514194657-e49bf4d5a9f5 h1:BuGbQA/vl+fTgXBNQlNF4xMwp+TGcB9hsfVf8SIsVtA=
github.com/defenseunicorns/uds-core v0.21.2-0.20240514194657-e49bf4d5a9f5/go.mod h1:bIOEhd4/drRMYgoxMDKBf5DllaJT/233txdjSAu8iqo=
github.com/defenseunicorns/uds-core v0.21.2-0.20240514200923-c7c5ea654d3b h1:ZwDqsk13DqcJd0WKhzFwCZXv02iSijXpIYO8JQwkcpE=
github.com/defenseunicorns/uds-core v0.21.2-0.20240514200923-c7c5ea654d3b/go.mod h1:bIOEhd4/drRMYgoxMDKBf5DllaJT/233txdjSAu8iqo=
github.com/defenseunicorns/uds-core v0.21.2-0.20240514201610-0c1cd61239c2 h1:Ou0+H36KUjXmKa9GIOih5eKWWB2t1sWLk40CvT1WDbA=
github.com/defenseunicorns/uds-core v0.21.2-0.20240514201610-0c1cd61239c2/go.mod h1:bIOEhd4/drRMYgoxMDKBf5DllaJT/233txdjSAu8iqo=
github.com/defenseunicorns/uds-core v0.21.2-0.20240515134249-350520bbf463 h1:9tCeXWOfqv8/1Sd0wvt0+v5r/qhiZpBxG0y4Sdj4+aM=
github.com/defenseunicorns/uds-core v0.21.2-0.20240515134249-350520bbf463/go.mod h1:bIOEhd4/drRMYgoxMDKBf5DllaJT/233txdjSAu8iqo=
github.com/twbs/bootstrap v5.3.3+incompatible h1:goFoqinzdHfkeegpFP7pvhbd0g+A3O2hbU3XCjuNrEQ=
github.com/twbs/bootstrap v5.3.3+incompatible/go.mod h1:fZTSrkpSf0/HkL0IIJzvVspTt1r9zuf7XlZau8kpcY0=
